dependencies:
  espressif/esp_tinyusb:
    component_hash: 9382e15aaacd3f29e2de2360eb266ef1d7e5ebf4fdefbeaebe146e471d341656
    dependencies:
    - name: idf
      require: private
      version: ^5.0
    - name: espressif/tinyusb
      registry_url: https://components.espressif.com/
      require: public
      version: '>=0.14.2'
    source:
      registry_url: https://components.espressif.com/
      type: service
    version: 1.7.2
  espressif/tinyusb:
    component_hash: 0f96faa5e29d5a04553ba7050b9051c1f6b549b9340681eb7afdda419a8dff2e
    dependencies:
    - name: idf
      require: private
      version: '>=5.0'
    source:
      registry_url: https://components.espressif.com/
      type: service
    targets:
    - esp32s2
    - esp32s3
    - esp32p4
    version: 0.18.0~1
  idf:
    source:
      type: idf
    version: 5.3.1
direct_dependencies:
- espressif/esp_tinyusb
- idf
manifest_hash: a9d41f37d6b17d81425b0e9bf1b860eb5b14f03e2028a2443db9211783edd1ab
target: esp32s3
version: 2.0.0
